
Microsoft Visual Studio Solution File, Format Version 12.00
# Visual Studio Version 17
VisualStudioVersion = 17.9.34622.214
MinimumVisualStudioVersion = 10.0.40219.1
Project("{FAE04EC0-301F-11D3-BF4B-00C04F79EFBC}") = "LibraryISRPO", "LibraryISRPO\LibraryISRPO.csproj", "{FC80C794-1E39-4E8E-988B-98027B4D2643}"
EndProject
Project("{FAE04EC0-301F-11D3-BF4B-00C04F79EFBC}") = "LibraryISRPO.Core", "LibraryISRPO.Core\LibraryISRPO.Core.csproj", "{7F806689-E6CA-424F-939F-42C55EE2F867}"
EndProject
Project("{FAE04EC0-301F-11D3-BF4B-00C04F79EFBC}") = "LibraryISRPO.DataAccess", "LibraryISRPO.DataAccess\LibraryISRPO.DataAccess.csproj", "{6E35A198-3C72-4564-B7DB-B6A38110FCBE}"
EndProject
Global
	GlobalSection(SolutionConfigurationPlatforms) = preSolution
		Debug|Any CPU = Debug|Any CPU
		Release|Any CPU = Release|Any CPU
	EndGlobalSection
	GlobalSection(ProjectConfigurationPlatforms) = postSolution
		{FC80C794-1E39-4E8E-988B-98027B4D2643}.Debug|Any CPU.ActiveCfg = Debug|Any CPU
		{FC80C794-1E39-4E8E-988B-98027B4D2643}.Debug|Any CPU.Build.0 = Debug|Any CPU
		{FC80C794-1E39-4E8E-988B-98027B4D2643}.Release|Any CPU.ActiveCfg = Release|Any CPU
		{FC80C794-1E39-4E8E-988B-98027B4D2643}.Release|Any CPU.Build.0 = Release|Any CPU
		{7F806689-E6CA-424F-939F-42C55EE2F867}.Debug|Any CPU.ActiveCfg = Debug|Any CPU
		{7F806689-E6CA-424F-939F-42C55EE2F867}.Debug|Any CPU.Build.0 = Debug|Any CPU
		{7F806689-E6CA-424F-939F-42C55EE2F867}.Release|Any CPU.ActiveCfg = Release|Any CPU
		{7F806689-E6CA-424F-939F-42C55EE2F867}.Release|Any CPU.Build.0 = Release|Any CPU
		{6E35A198-3C72-4564-B7DB-B6A38110FCBE}.Debug|Any CPU.ActiveCfg = Debug|Any CPU
		{6E35A198-3C72-4564-B7DB-B6A38110FCBE}.Debug|Any CPU.Build.0 = Debug|Any CPU
		{6E35A198-3C72-4564-B7DB-B6A38110FCBE}.Release|Any CPU.ActiveCfg = Release|Any CPU
		{6E35A198-3C72-4564-B7DB-B6A38110FCBE}.Release|Any CPU.Build.0 = Release|Any CPU
	EndGlobalSection
	GlobalSection(SolutionProperties) = preSolution
		HideSolutionNode = FALSE
	EndGlobalSection
	GlobalSection(ExtensibilityGlobals) = postSolution
		SolutionGuid = {1AB38358-AD61-4A8F-8CAD-9BFED583E2FD}
	EndGlobalSection
EndGlobal
